// !$*UTF8*$!
{
	archiveVersion = 1;
	classes = {
	};
	objectVersion = 46;
	objects = {

/* Begin PBXBuildFile section */
		CA5BBC481BC4E8E0001C23CF /* main.cpp in Sources */ = {isa = PBXBuildFile; fileRef = CA5BBC471BC4E8E0001C23CF /* main.cpp */; };
		CA78C12C1BCE20FE00CA05E3 /* Triangle.cpp in Sources */ = {isa = PBXBuildFile; fileRef = CA78C12A1BCE20FE00CA05E3 /* Triangle.cpp */; settings = {ASSET_TAGS = (); }; };
		CA78C1311BCE222A00CA05E3 /* ParticleData.cpp in Sources */ = {isa = PBXBuildFile; fileRef = CA78C12E1BCE222A00CA05E3 /* ParticleData.cpp */; settings = {ASSET_TAGS = (); }; };
/* End PBXBuildFile section */

/* Begin PBXCopyFilesBuildPhase section */
		CA5BBC421BC4E8E0001C23CF /* CopyFiles */ = {
			isa = PBXCopyFilesBuildPhase;
			buildActionMask = 2147483647;
			dstPath = /usr/share/man/man1/;
			dstSubfolderSpec = 0;
			files = (
			);
			runOnlyForDeploymentPostprocessing = 1;
		};
/* End PBXCopyFilesBuildPhase section */

/* Begin PBXFileReference section */
		CA5BBC441BC4E8E0001C23CF /* Particle Cluster */ = {isa = PBXFileReference; explicitFileType = "compiled.mach-o.executable"; includeInIndex = 0; path = "Particle Cluster"; sourceTree = BUILT_PRODUCTS_DIR; };
		CA5BBC471BC4E8E0001C23CF /* main.cpp */ = {isa = PBXFileReference; lastKnownFileType = sourcecode.cpp.cpp; path = main.cpp; sourceTree = "<group>"; };
		CA78C12A1BCE20FE00CA05E3 /* Triangle.cpp */ = {isa = PBXFileReference; fileEncoding = 4; lastKnownFileType = sourcecode.cpp.cpp; name = Triangle.cpp; path = DataTypes/Triangle.cpp; sourceTree = "<group>"; };
		CA78C12B1BCE20FE00CA05E3 /* Triangle.hpp */ = {isa = PBXFileReference; fileEncoding = 4; lastKnownFileType = sourcecode.cpp.h; name = Triangle.hpp; path = DataTypes/Triangle.hpp; sourceTree = "<group>"; };
		CA78C12E1BCE222A00CA05E3 /* ParticleData.cpp */ = {isa = PBXFileReference; fileEncoding = 4; lastKnownFileType = sourcecode.cpp.cpp; name = ParticleData.cpp; path = DataTypes/ParticleData.cpp; sourceTree = "<group>"; };
		CA78C12F1BCE222A00CA05E3 /* ParticleData.hpp */ = {isa = PBXFileReference; fileEncoding = 4; lastKnownFileType = sourcecode.cpp.h; name = ParticleData.hpp; path = DataTypes/ParticleData.hpp; sourceTree = "<group>"; };
		CA78C1301BCE222A00CA05E3 /* Vector2.hpp */ = {isa = PBXFileReference; fileEncoding = 4; lastKnownFileType = sourcecode.cpp.h; name = Vector2.hpp; path = DataTypes/Vector2.hpp; sourceTree = "<group>"; };
/* End PBXFileReference section */

/* Begin PBXFrameworksBuildPhase section */
		CA5BBC411BC4E8E0001C23CF /* Frameworks */ = {
			isa = PBXFrameworksBuildPhase;
			buildActionMask = 2147483647;
			files = (
			);
			runOnlyForDeploymentPostprocessing = 0;
		};
/* End PBXFrameworksBuildPhase section */

/* Begin PBXGroup section */
		CA5BBC3B1BC4E8E0001C23CF = {
			isa = PBXGroup;
			children = (
				CA5BBC461BC4E8E0001C23CF /* Particle Cluster */,
				CA5BBC451BC4E8E0001C23CF /* Products */,
			);
			sourceTree = "<group>";
		};
		CA5BBC451BC4E8E0001C23CF /* Products */ = {
			isa = PBXGroup;
			children = (
				CA5BBC441BC4E8E0001C23CF /* Particle Cluster */,
			);
			name = Products;
			sourceTree = "<group>";
		};
		CA5BBC461BC4E8E0001C23CF /* Particle Cluster */ = {
			isa = PBXGroup;
			children = (
				CA5BBC471BC4E8E0001C23CF /* main.cpp */,
				CA78C12D1BCE210300CA05E3 /* DataTypes */,
			);
			path = "Particle Cluster";
			sourceTree = "<group>";
		};
		CA78C12D1BCE210300CA05E3 /* DataTypes */ = {
			isa = PBXGroup;
			children = (
				CA78C12E1BCE222A00CA05E3 /* ParticleData.cpp */,
				CA78C12F1BCE222A00CA05E3 /* ParticleData.hpp */,
				CA78C1301BCE222A00CA05E3 /* Vector2.hpp */,
				CA78C12A1BCE20FE00CA05E3 /* Triangle.cpp */,
				CA78C12B1BCE20FE00CA05E3 /* Triangle.hpp */,
			);
			name = DataTypes;
			sourceTree = "<group>";
		};
/* End PBXGroup section */

/* Begin PBXNativeTarget section */
		CA5BBC431BC4E8E0001C23CF /* Particle Cluster */ = {
			isa = PBXNativeTarget;
			buildConfigurationList = CA5BBC4B1BC4E8E0001C23CF /* Build configuration list for PBXNativeTarget "Particle Cluster" */;
			buildPhases = (
				CA5BBC401BC4E8E0001C23CF /* Sources */,
				CA5BBC411BC4E8E0001C23CF /* Frameworks */,
				CA5BBC421BC4E8E0001C23CF /* CopyFiles */,
			);
			buildRules = (
			);
			dependencies = (
			);
			name = "Particle Cluster";
			productName = "Particle Cluster";
			productReference = CA5BBC441BC4E8E0001C23CF /* Particle Cluster */;
			productType = "com.apple.product-type.tool";
		};
/* End PBXNativeTarget section */

/* Begin PBXProject section */
		CA5BBC3C1BC4E8E0001C23CF /* Project object */ = {
			isa = PBXProject;
			attributes = {
				LastUpgradeCheck = 0700;
				ORGANIZATIONNAME = "Juan Silva";
				TargetAttributes = {
					CA5BBC431BC4E8E0001C23CF = {
						CreatedOnToolsVersion = 7.0.1;
					};
				};
			};
			buildConfigurationList = CA5BBC3F1BC4E8E0001C23CF /* Build configuration list for PBXProject "Particle Cluster" */;
			compatibilityVersion = "Xcode 3.2";
			developmentRegion = English;
			hasScannedForEncodings = 0;
			knownRegions = (
				en,
			);
			mainGroup = CA5BBC3B1BC4E8E0001C23CF;
			productRefGroup = CA5BBC451BC4E8E0001C23CF /* Products */;
			projectDirPath = "";
			projectRoot = "";
			targets = (
				CA5BBC431BC4E8E0001C23CF /* Particle Cluster */,
			);
		};
/* End PBXProject section */

/* Begin PBXSourcesBuildPhase section */
		CA5BBC401BC4E8E0001C23CF /* Sources */ = {
			isa = PBXSourcesBuildPhase;
			buildActionMask = 2147483647;
			files = (
				CA5BBC481BC4E8E0001C23CF /* main.cpp in Sources */,
				CA78C12C1BCE20FE00CA05E3 /* Triangle.cpp in Sources */,
				CA78C1311BCE222A00CA05E3 /* ParticleData.cpp in Sources */,
			);
			runOnlyForDeploymentPostprocessing = 0;
		};
/* End PBXSourcesBuildPhase section */

/* Begin XCBuildConfiguration section */
		CA5BBC491BC4E8E0001C23CF /* Debug */ = {
			isa = XCBuildConfiguration;
			buildSettings = {
				ALWAYS_SEARCH_USER_PATHS = NO;
				CLANG_CXX_LANGUAGE_STANDARD = "gnu++0x";
				CLANG_CXX_LIBRARY = "libc++";
				CLANG_ENABLE_MODULES = YES;
				CLANG_ENABLE_OBJC_ARC = YES;
				CLANG_WARN_BOOL_CONVERSION = YES;
				CLANG_WARN_CONSTANT_CONVERSION = YES;
				CLANG_WARN_DIRECT_OBJC_ISA_USAGE = YES_ERROR;
				CLANG_WARN_EMPTY_BODY = YES;
				CLANG_WARN_ENUM_CONVERSION = YES;
				CLANG_WARN_INT_CONVERSION = YES;
				CLANG_WARN_OBJC_ROOT_CLASS = YES_ERROR;
				CLANG_WARN_UNREACHABLE_CODE = YES;
				CLANG_WARN__DUPLICATE_METHOD_MATCH = YES;
				COPY_PHASE_STRIP = NO;
				DEBUG_INFORMATION_FORMAT = dwarf;
				ENABLE_STRICT_OBJC_MSGSEND = YES;
				ENABLE_TESTABILITY = YES;
				GCC_C_LANGUAGE_STANDARD = gnu99;
				GCC_DYNAMIC_NO_PIC = NO;
				GCC_NO_COMMON_BLOCKS = YES;
				GCC_OPTIMIZATION_LEVEL = 0;
				GCC_PREPROCESSOR_DEFINITIONS = (
					"DEBUG=1",
					"$(inherited)",
				);
				GCC_WARN_64_TO_32_BIT_CONVERSION = YES;
				GCC_WARN_ABOUT_RETURN_TYPE = YES_ERROR;
				GCC_WARN_UNDECLARED_SELECTOR = YES;
				GCC_WARN_UNINITIALIZED_AUTOS = YES_AGGRESSIVE;
				GCC_WARN_UNUSED_FUNCTION = YES;
				GCC_WARN_UNUSED_VARIABLE = YES;
				MACOSX_DEPLOYMENT_TARGET = 10.11;
				MTL_ENABLE_DEBUG_INFO = YES;
				ONLY_ACTIVE_ARCH = YES;
				SDKROOT = macosx;
			};
			name = Debug;
		};
		CA5BBC4A1BC4E8E0001C23CF /* Release */ = {
			isa = XCBuildConfiguration;
			buildSettings = {
				ALWAYS_SEARCH_USER_PATHS = NO;
				CLANG_CXX_LANGUAGE_STANDARD = "gnu++0x";
				CLANG_CXX_LIBRARY = "libc++";
				CLANG_ENABLE_MODULES = YES;
				CLANG_ENABLE_OBJC_ARC = YES;
				CLANG_WARN_BOOL_CONVERSION = YES;
				CLANG_WARN_CONSTANT_CONVERSION = YES;
				CLANG_WARN_DIRECT_OBJC_ISA_USAGE = YES_ERROR;
				CLANG_WARN_EMPTY_BODY = YES;
				CLANG_WARN_ENUM_CONVERSION = YES;
				CLANG_WARN_INT_CONVERSION = YES;
				CLANG_WARN_OBJC_ROOT_CLASS = YES_ERROR;
				CLANG_WARN_UNREACHABLE_CODE = YES;
				CLANG_WARN__DUPLICATE_METHOD_MATCH = YES;
				COPY_PHASE_STRIP = NO;
				DEBUG_INFORMATION_FORMAT = "dwarf-with-dsym";
				ENABLE_NS_ASSERTIONS = NO;
				ENABLE_STRICT_OBJC_MSGSEND = YES;
				GCC_C_LANGUAGE_STANDARD = gnu99;
				GCC_NO_COMMON_BLOCKS = YES;
				GCC_WARN_64_TO_32_BIT_CONVERSION = YES;
				GCC_WARN_ABOUT_RETURN_TYPE = YES_ERROR;
				GCC_WARN_UNDECLARED_SELECTOR = YES;
				GCC_WARN_UNINITIALIZED_AUTOS = YES_AGGRESSIVE;
				GCC_WARN_UNUSED_FUNCTION = YES;
				GCC_WARN_UNUSED_VARIABLE = YES;
				MACOSX_DEPLOYMENT_TARGET = 10.11;
				MTL_ENABLE_DEBUG_INFO = NO;
				SDKROOT = macosx;
			};
			name = Release;
		};
		CA5BBC4C1BC4E8E0001C23CF /* Debug */ = {
			isa = XCBuildConfiguration;
			buildSettings = {
				HEADER_SEARCH_PATHS = "";
				LIBRARY_SEARCH_PATHS = "$(inherited)";
				PRODUCT_NAME = "$(TARGET_NAME)";
			};
			name = Debug;
		};
		CA5BBC4D1BC4E8E0001C23CF /* Release */ = {
			isa = XCBuildConfiguration;
			buildSettings = {
				HEADER_SEARCH_PATHS = "";
				LIBRARY_SEARCH_PATHS = "$(inherited)";
				PRODUCT_NAME = "$(TARGET_NAME)";
			};
			name = Release;
		};
/* End XCBuildConfiguration section */

/* Begin XCConfigurationList section */
		CA5BBC3F1BC4E8E0001C23CF /* Build configuration list for PBXProject "Particle Cluster" */ = {
			isa = XCConfigurationList;
			buildConfigurations = (
				CA5BBC491BC4E8E0001C23CF /* Debug */,
				CA5BBC4A1BC4E8E0001C23CF /* Release */,
			);
			defaultConfigurationIsVisible = 0;
			defaultConfigurationName = Release;
		};
		CA5BBC4B1BC4E8E0001C23CF /* Build configuration list for PBXNativeTarget "Particle Cluster" */ = {
			isa = XCConfigurationList;
			buildConfigurations = (
				CA5BBC4C1BC4E8E0001C23CF /* Debug */,
				CA5BBC4D1BC4E8E0001C23CF /* Release */,
			);
			defaultConfigurationIsVisible = 0;
			defaultConfigurationName = Release;
		};
/* End XCConfigurationList section */
	};
	rootObject = CA5BBC3C1BC4E8E0001C23CF /* Project object */;
}
