// !$*UTF8*$!
{
	archiveVersion = 1;
	classes = {
	};
	objectVersion = 46;
	objects = {

/* Begin PBXBuildFile section */
		CA4015991BEF1AF2006CAA4C /* libboost_thread-mt.dylib in Frameworks */ = {isa = PBXBuildFile; fileRef = CA4015941BEF1AF2006CAA4C /* libboost_thread-mt.dylib */; };
		CA40159A1BEF1AF2006CAA4C /* libCGAL_Core.11.0.0.dylib in Frameworks */ = {isa = PBXBuildFile; fileRef = CA4015951BEF1AF2006CAA4C /* libCGAL_Core.11.0.0.dylib */; };
		CA40159B1BEF1AF2006CAA4C /* libCGAL.11.0.0.dylib in Frameworks */ = {isa = PBXBuildFile; fileRef = CA4015961BEF1AF2006CAA4C /* libCGAL.11.0.0.dylib */; };
		CA40159C1BEF1AF2006CAA4C /* libgmp.10.dylib in Frameworks */ = {isa = PBXBuildFile; fileRef = CA4015971BEF1AF2006CAA4C /* libgmp.10.dylib */; };
		CA40159D1BEF1AF2006CAA4C /* libmpfr.4.dylib in Frameworks */ = {isa = PBXBuildFile; fileRef = CA4015981BEF1AF2006CAA4C /* libmpfr.4.dylib */; };
		CA5BBC481BC4E8E0001C23CF /* main.cpp in Sources */ = {isa = PBXBuildFile; fileRef = CA5BBC471BC4E8E0001C23CF /* main.cpp */; };
		CA78C12C1BCE20FE00CA05E3 /* Triangle.cpp in Sources */ = {isa = PBXBuildFile; fileRef = CA78C12A1BCE20FE00CA05E3 /* Triangle.cpp */; };
		CA78C1311BCE222A00CA05E3 /* ParticleData.cpp in Sources */ = {isa = PBXBuildFile; fileRef = CA78C12E1BCE222A00CA05E3 /* ParticleData.cpp */; };
		CAEB3A371C0919580074EA17 /* VoronoiWrapper.cpp in Sources */ = {isa = PBXBuildFile; fileRef = CAEB3A351C0919580074EA17 /* VoronoiWrapper.cpp */; };
		CAF182701BF02EDD00446A38 /* DelaunayWrapper.cpp in Sources */ = {isa = PBXBuildFile; fileRef = CAF1826E1BF02EDD00446A38 /* DelaunayWrapper.cpp */; };
/* End PBXBuildFile section */

/* Begin PBXCopyFilesBuildPhase section */
		CA5BBC421BC4E8E0001C23CF /* CopyFiles */ = {
			isa = PBXCopyFilesBuildPhase;
			buildActionMask = 2147483647;
			dstPath = /usr/share/man/man1/;
			dstSubfolderSpec = 0;
			files = (
			);
			runOnlyForDeploymentPostprocessing = 1;
		};
/* End PBXCopyFilesBuildPhase section */

/* Begin PBXFileReference section */
		CA4015941BEF1AF2006CAA4C /* libboost_thread-mt.dylib */ = {isa = PBXFileReference; lastKnownFileType = "compiled.mach-o.dylib"; name = "libboost_thread-mt.dylib"; path = "../../../../../usr/local/Cellar/boost/1.59.0/lib/libboost_thread-mt.dylib"; sourceTree = "<group>"; };
		CA4015951BEF1AF2006CAA4C /* libCGAL_Core.11.0.0.dylib */ = {isa = PBXFileReference; lastKnownFileType = "compiled.mach-o.dylib"; name = libCGAL_Core.11.0.0.dylib; path = ../../../../../usr/local/Cellar/cgal/4.6.3/lib/libCGAL_Core.11.0.0.dylib; sourceTree = "<group>"; };
		CA4015961BEF1AF2006CAA4C /* libCGAL.11.0.0.dylib */ = {isa = PBXFileReference; lastKnownFileType = "compiled.mach-o.dylib"; name = libCGAL.11.0.0.dylib; path = ../../../../../usr/local/Cellar/cgal/4.6.3/lib/libCGAL.11.0.0.dylib; sourceTree = "<group>"; };
		CA4015971BEF1AF2006CAA4C /* libgmp.10.dylib */ = {isa = PBXFileReference; lastKnownFileType = "compiled.mach-o.dylib"; name = libgmp.10.dylib; path = ../../../../../usr/local/Cellar/gmp/6.0.0a/lib/libgmp.10.dylib; sourceTree = "<group>"; };
		CA4015981BEF1AF2006CAA4C /* libmpfr.4.dylib */ = {isa = PBXFileReference; lastKnownFileType = "compiled.mach-o.dylib"; name = libmpfr.4.dylib; path = ../../../../../usr/local/Cellar/mpfr/3.1.3/lib/libmpfr.4.dylib; sourceTree = "<group>"; };
		CA5BBC441BC4E8E0001C23CF /* Particle Cluster */ = {isa = PBXFileReference; explicitFileType = "compiled.mach-o.executable"; includeInIndex = 0; path = "Particle Cluster"; sourceTree = BUILT_PRODUCTS_DIR; };
		CA5BBC471BC4E8E0001C23CF /* main.cpp */ = {isa = PBXFileReference; lastKnownFileType = sourcecode.cpp.cpp; path = main.cpp; sourceTree = "<group>"; };
		CA78C12A1BCE20FE00CA05E3 /* Triangle.cpp */ = {isa = PBXFileReference; fileEncoding = 4; lastKnownFileType = sourcecode.cpp.cpp; name = Triangle.cpp; path = DataTypes/Triangle.cpp; sourceTree = "<group>"; };
		CA78C12B1BCE20FE00CA05E3 /* Triangle.hpp */ = {isa = PBXFileReference; fileEncoding = 4; lastKnownFileType = sourcecode.cpp.h; name = Triangle.hpp; path = DataTypes/Triangle.hpp; sourceTree = "<group>"; };
		CA78C12E1BCE222A00CA05E3 /* ParticleData.cpp */ = {isa = PBXFileReference; fileEncoding = 4; lastKnownFileType = sourcecode.cpp.cpp; name = ParticleData.cpp; path = DataTypes/ParticleData.cpp; sourceTree = "<group>"; };
		CA78C12F1BCE222A00CA05E3 /* ParticleData.hpp */ = {isa = PBXFileReference; fileEncoding = 4; lastKnownFileType = sourcecode.cpp.h; name = ParticleData.hpp; path = DataTypes/ParticleData.hpp; sourceTree = "<group>"; };
		CAEB3A351C0919580074EA17 /* VoronoiWrapper.cpp */ = {isa = PBXFileReference; fileEncoding = 4; lastKnownFileType = sourcecode.cpp.cpp; name = VoronoiWrapper.cpp; path = Wrappers/VoronoiWrapper.cpp; sourceTree = "<group>"; };
		CAEB3A361C0919580074EA17 /* VoronoiWrapper.hpp */ = {isa = PBXFileReference; fileEncoding = 4; lastKnownFileType = sourcecode.cpp.h; name = VoronoiWrapper.hpp; path = Wrappers/VoronoiWrapper.hpp; sourceTree = "<group>"; };
		CAF182681BF02C3000446A38 /* Point2D.hpp */ = {isa = PBXFileReference; fileEncoding = 4; lastKnownFileType = sourcecode.cpp.h; name = Point2D.hpp; path = DataTypes/Point2D.hpp; sourceTree = "<group>"; };
		CAF1826E1BF02EDD00446A38 /* DelaunayWrapper.cpp */ = {isa = PBXFileReference; fileEncoding = 4; lastKnownFileType = sourcecode.cpp.cpp; name = DelaunayWrapper.cpp; path = Wrappers/DelaunayWrapper.cpp; sourceTree = "<group>"; };
		CAF1826F1BF02EDD00446A38 /* DelaunayWrapper.hpp */ = {isa = PBXFileReference; fileEncoding = 4; lastKnownFileType = sourcecode.cpp.h; name = DelaunayWrapper.hpp; path = Wrappers/DelaunayWrapper.hpp; sourceTree = "<group>"; };
/* End PBXFileReference section */

/* Begin PBXFrameworksBuildPhase section */
		CA5BBC411BC4E8E0001C23CF /* Frameworks */ = {
			isa = PBXFrameworksBuildPhase;
			buildActionMask = 2147483647;
			files = (
				CA4015991BEF1AF2006CAA4C /* libboost_thread-mt.dylib in Frameworks */,
				CA40159A1BEF1AF2006CAA4C /* libCGAL_Core.11.0.0.dylib in Frameworks */,
				CA40159B1BEF1AF2006CAA4C /* libCGAL.11.0.0.dylib in Frameworks */,
				CA40159C1BEF1AF2006CAA4C /* libgmp.10.dylib in Frameworks */,
				CA40159D1BEF1AF2006CAA4C /* libmpfr.4.dylib in Frameworks */,
			);
			runOnlyForDeploymentPostprocessing = 0;
		};
/* End PBXFrameworksBuildPhase section */

/* Begin PBXGroup section */
		CA5BBC3B1BC4E8E0001C23CF = {
			isa = PBXGroup;
			children = (
				CA4015941BEF1AF2006CAA4C /* libboost_thread-mt.dylib */,
				CA4015951BEF1AF2006CAA4C /* libCGAL_Core.11.0.0.dylib */,
				CA4015961BEF1AF2006CAA4C /* libCGAL.11.0.0.dylib */,
				CA4015971BEF1AF2006CAA4C /* libgmp.10.dylib */,
				CA4015981BEF1AF2006CAA4C /* libmpfr.4.dylib */,
				CA5BBC461BC4E8E0001C23CF /* Particle Cluster */,
				CA5BBC451BC4E8E0001C23CF /* Products */,
			);
			sourceTree = "<group>";
		};
		CA5BBC451BC4E8E0001C23CF /* Products */ = {
			isa = PBXGroup;
			children = (
				CA5BBC441BC4E8E0001C23CF /* Particle Cluster */,
			);
			name = Products;
			sourceTree = "<group>";
		};
		CA5BBC461BC4E8E0001C23CF /* Particle Cluster */ = {
			isa = PBXGroup;
			children = (
				CAF1826A1BF02E7200446A38 /* Wrappers */,
				CA5BBC471BC4E8E0001C23CF /* main.cpp */,
				CA78C12D1BCE210300CA05E3 /* DataTypes */,
			);
			path = "Particle Cluster";
			sourceTree = "<group>";
		};
		CA78C12D1BCE210300CA05E3 /* DataTypes */ = {
			isa = PBXGroup;
			children = (
				CAF182681BF02C3000446A38 /* Point2D.hpp */,
				CA78C12E1BCE222A00CA05E3 /* ParticleData.cpp */,
				CA78C12F1BCE222A00CA05E3 /* ParticleData.hpp */,
				CA78C12A1BCE20FE00CA05E3 /* Triangle.cpp */,
				CA78C12B1BCE20FE00CA05E3 /* Triangle.hpp */,
			);
			name = DataTypes;
			sourceTree = "<group>";
		};
		CAF1826A1BF02E7200446A38 /* Wrappers */ = {
			isa = PBXGroup;
			children = (
				CAF1826E1BF02EDD00446A38 /* DelaunayWrapper.cpp */,
				CAF1826F1BF02EDD00446A38 /* DelaunayWrapper.hpp */,
				CAEB3A351C0919580074EA17 /* VoronoiWrapper.cpp */,
				CAEB3A361C0919580074EA17 /* VoronoiWrapper.hpp */,
			);
			name = Wrappers;
			sourceTree = "<group>";
		};
/* End PBXGroup section */

/* Begin PBXNativeTarget section */
		CA5BBC431BC4E8E0001C23CF /* Particle Cluster */ = {
			isa = PBXNativeTarget;
			buildConfigurationList = CA5BBC4B1BC4E8E0001C23CF /* Build configuration list for PBXNativeTarget "Particle Cluster" */;
			buildPhases = (
				CA5BBC401BC4E8E0001C23CF /* Sources */,
				CA5BBC411BC4E8E0001C23CF /* Frameworks */,
				CA5BBC421BC4E8E0001C23CF /* CopyFiles */,
			);
			buildRules = (
			);
			dependencies = (
			);
			name = "Particle Cluster";
			productName = "Particle Cluster";
			productReference = CA5BBC441BC4E8E0001C23CF /* Particle Cluster */;
			productType = "com.apple.product-type.tool";
		};
/* End PBXNativeTarget section */

/* Begin PBXProject section */
		CA5BBC3C1BC4E8E0001C23CF /* Project object */ = {
			isa = PBXProject;
			attributes = {
				LastUpgradeCheck = 0700;
				ORGANIZATIONNAME = "Juan Silva";
				TargetAttributes = {
					CA5BBC431BC4E8E0001C23CF = {
						CreatedOnToolsVersion = 7.0.1;
					};
				};
			};
			buildConfigurationList = CA5BBC3F1BC4E8E0001C23CF /* Build configuration list for PBXProject "Particle Cluster" */;
			compatibilityVersion = "Xcode 3.2";
			developmentRegion = English;
			hasScannedForEncodings = 0;
			knownRegions = (
				en,
			);
			mainGroup = CA5BBC3B1BC4E8E0001C23CF;
			productRefGroup = CA5BBC451BC4E8E0001C23CF /* Products */;
			projectDirPath = "";
			projectRoot = "";
			targets = (
				CA5BBC431BC4E8E0001C23CF /* Particle Cluster */,
			);
		};
/* End PBXProject section */

/* Begin PBXSourcesBuildPhase section */
		CA5BBC401BC4E8E0001C23CF /* Sources */ = {
			isa = PBXSourcesBuildPhase;
			buildActionMask = 2147483647;
			files = (
				CAF182701BF02EDD00446A38 /* DelaunayWrapper.cpp in Sources */,
				CA5BBC481BC4E8E0001C23CF /* main.cpp in Sources */,
				CAEB3A371C0919580074EA17 /* VoronoiWrapper.cpp in Sources */,
				CA78C12C1BCE20FE00CA05E3 /* Triangle.cpp in Sources */,
				CA78C1311BCE222A00CA05E3 /* ParticleData.cpp in Sources */,
			);
			runOnlyForDeploymentPostprocessing = 0;
		};
/* End PBXSourcesBuildPhase section */

/* Begin XCBuildConfiguration section */
		CA5BBC491BC4E8E0001C23CF /* Debug */ = {
			isa = XCBuildConfiguration;
			buildSettings = {
				ALWAYS_SEARCH_USER_PATHS = NO;
				CLANG_CXX_LANGUAGE_STANDARD = "gnu++0x";
				CLANG_CXX_LIBRARY = "libc++";
				CLANG_ENABLE_MODULES = YES;
				CLANG_ENABLE_OBJC_ARC = YES;
				CLANG_WARN_BOOL_CONVERSION = YES;
				CLANG_WARN_CONSTANT_CONVERSION = YES;
				CLANG_WARN_DIRECT_OBJC_ISA_USAGE = YES_ERROR;
				CLANG_WARN_EMPTY_BODY = YES;
				CLANG_WARN_ENUM_CONVERSION = YES;
				CLANG_WARN_INT_CONVERSION = YES;
				CLANG_WARN_OBJC_ROOT_CLASS = YES_ERROR;
				CLANG_WARN_UNREACHABLE_CODE = YES;
				CLANG_WARN__DUPLICATE_METHOD_MATCH = YES;
				COPY_PHASE_STRIP = NO;
				DEBUG_INFORMATION_FORMAT = dwarf;
				ENABLE_STRICT_OBJC_MSGSEND = YES;
				ENABLE_TESTABILITY = YES;
				GCC_C_LANGUAGE_STANDARD = gnu99;
				GCC_DYNAMIC_NO_PIC = NO;
				GCC_NO_COMMON_BLOCKS = YES;
				GCC_OPTIMIZATION_LEVEL = 0;
				GCC_PREPROCESSOR_DEFINITIONS = (
					"DEBUG=1",
					"$(inherited)",
				);
				GCC_WARN_64_TO_32_BIT_CONVERSION = YES;
				GCC_WARN_ABOUT_RETURN_TYPE = YES_ERROR;
				GCC_WARN_UNDECLARED_SELECTOR = YES;
				GCC_WARN_UNINITIALIZED_AUTOS = YES_AGGRESSIVE;
				GCC_WARN_UNUSED_FUNCTION = YES;
				GCC_WARN_UNUSED_VARIABLE = YES;
				MACOSX_DEPLOYMENT_TARGET = 10.11;
				MTL_ENABLE_DEBUG_INFO = YES;
				ONLY_ACTIVE_ARCH = YES;
				SDKROOT = macosx;
			};
			name = Debug;
		};
		CA5BBC4A1BC4E8E0001C23CF /* Release */ = {
			isa = XCBuildConfiguration;
			buildSettings = {
				ALWAYS_SEARCH_USER_PATHS = NO;
				CLANG_CXX_LANGUAGE_STANDARD = "gnu++0x";
				CLANG_CXX_LIBRARY = "libc++";
				CLANG_ENABLE_MODULES = YES;
				CLANG_ENABLE_OBJC_ARC = YES;
				CLANG_WARN_BOOL_CONVERSION = YES;
				CLANG_WARN_CONSTANT_CONVERSION = YES;
				CLANG_WARN_DIRECT_OBJC_ISA_USAGE = YES_ERROR;
				CLANG_WARN_EMPTY_BODY = YES;
				CLANG_WARN_ENUM_CONVERSION = YES;
				CLANG_WARN_INT_CONVERSION = YES;
				CLANG_WARN_OBJC_ROOT_CLASS = YES_ERROR;
				CLANG_WARN_UNREACHABLE_CODE = YES;
				CLANG_WARN__DUPLICATE_METHOD_MATCH = YES;
				COPY_PHASE_STRIP = NO;
				DEBUG_INFORMATION_FORMAT = "dwarf-with-dsym";
				ENABLE_NS_ASSERTIONS = NO;
				ENABLE_STRICT_OBJC_MSGSEND = YES;
				GCC_C_LANGUAGE_STANDARD = gnu99;
				GCC_NO_COMMON_BLOCKS = YES;
				GCC_WARN_64_TO_32_BIT_CONVERSION = YES;
				GCC_WARN_ABOUT_RETURN_TYPE = YES_ERROR;
				GCC_WARN_UNDECLARED_SELECTOR = YES;
				GCC_WARN_UNINITIALIZED_AUTOS = YES_AGGRESSIVE;
				GCC_WARN_UNUSED_FUNCTION = YES;
				GCC_WARN_UNUSED_VARIABLE = YES;
				MACOSX_DEPLOYMENT_TARGET = 10.11;
				MTL_ENABLE_DEBUG_INFO = NO;
				SDKROOT = macosx;
			};
			name = Release;
		};
		CA5BBC4C1BC4E8E0001C23CF /* Debug */ = {
			isa = XCBuildConfiguration;
			buildSettings = {
				HEADER_SEARCH_PATHS = (
					/usr/local/Cellar/cgal/4.6.3/include,
					/usr/local/Cellar/boost/1.59.0/include,
					/usr/local/include/,
				);
				LIBRARY_SEARCH_PATHS = (
					"/usr/local/Cellar/cgal/4.6.3/lib/**",
					"$(inherited)",
					/usr/local/Cellar/boost/1.59.0/lib,
					/usr/local/Cellar/cgal/4.6.3/lib,
					/usr/local/Cellar/gmp/6.0.0a/lib,
					/usr/local/Cellar/mpfr/3.1.3/lib,
				);
				PRODUCT_NAME = "$(TARGET_NAME)";
				SCAN_ALL_SOURCE_FILES_FOR_INCLUDES = NO;
			};
			name = Debug;
		};
		CA5BBC4D1BC4E8E0001C23CF /* Release */ = {
			isa = XCBuildConfiguration;
			buildSettings = {
				HEADER_SEARCH_PATHS = (
					/usr/local/Cellar/cgal/4.6.3/include,
					/usr/local/Cellar/boost/1.59.0/include,
					/usr/local/include/,
				);
				LIBRARY_SEARCH_PATHS = (
					"/usr/local/Cellar/cgal/4.6.3/lib/**",
					"$(inherited)",
					/usr/local/Cellar/boost/1.59.0/lib,
					/usr/local/Cellar/cgal/4.6.3/lib,
					/usr/local/Cellar/gmp/6.0.0a/lib,
					/usr/local/Cellar/mpfr/3.1.3/lib,
				);
				PRODUCT_NAME = "$(TARGET_NAME)";
				SCAN_ALL_SOURCE_FILES_FOR_INCLUDES = NO;
			};
			name = Release;
		};
/* End XCBuildConfiguration section */

/* Begin XCConfigurationList section */
		CA5BBC3F1BC4E8E0001C23CF /* Build configuration list for PBXProject "Particle Cluster" */ = {
			isa = XCConfigurationList;
			buildConfigurations = (
				CA5BBC491BC4E8E0001C23CF /* Debug */,
				CA5BBC4A1BC4E8E0001C23CF /* Release */,
			);
			defaultConfigurationIsVisible = 0;
			defaultConfigurationName = Release;
		};
		CA5BBC4B1BC4E8E0001C23CF /* Build configuration list for PBXNativeTarget "Particle Cluster" */ = {
			isa = XCConfigurationList;
			buildConfigurations = (
				CA5BBC4C1BC4E8E0001C23CF /* Debug */,
				CA5BBC4D1BC4E8E0001C23CF /* Release */,
			);
			defaultConfigurationIsVisible = 0;
			defaultConfigurationName = Release;
		};
/* End XCConfigurationList section */
	};
	rootObject = CA5BBC3C1BC4E8E0001C23CF /* Project object */;
}
